# THIS IS AN AUTOGENERATED FILE. DO NOT EDIT THIS FILE DIRECTLY.
# yarn lockfile v1


fsevents@~2.3.1:
  version "2.3.2"
  resolved "https://registry.yarnpkg.com/fsevents/-/fsevents-2.3.2.tgz#8a526f78b8fdf4623b709e0b975c52c24c02fd1a"
  integrity sha512-xiqMQR4xAeHTuB9uWm+fFRcIOgKBMiOBP+eXiyT7jsgVCq1bkVygt00oASowB7EdtpOHaaPgKt812P9ab+DDKA==

rollup@^2.39.1:
  version "2.39.1"
  resolved "https://registry.yarnpkg.com/rollup/-/rollup-2.39.1.tgz#7afd4cefd8a332c5102a8063d301fde1f31a9173"
  integrity sha512-9rfr0Z6j+vE+eayfNVFr1KZ+k+jiUl2+0e4quZafy1x6SFCjzFspfRSO2ZZQeWeX9noeDTUDgg6eCENiEPFvQg==
  optionalDependencies:
    fsevents "~2.3.1"
